
Microsoft Visual Studio Solution File, Format Version 12.00
# Visual Studio Version 17
VisualStudioVersion = 17.8.34322.80
MinimumVisualStudioVersion = 10.0.40219.1
Project("{FAE04EC0-301F-11D3-BF4B-00C04F79EFBC}") = "WebApi", "WebApi.csproj", "{94786864-3CA4-4815-A2A5-826BA2BB3E11}"
EndProject
Project("{FAE04EC0-301F-11D3-BF4B-00C04F79EFBC}") = "Business", "..\Business\Business.csproj", "{5B2929CD-3C84-47DF-B940-4CC1E847ABD5}"
EndProject
Project("{FAE04EC0-301F-11D3-BF4B-00C04F79EFBC}") = "DataAccess", "..\DataAccess\DataAccess.csproj", "{5216F22D-AE93-4B1B-A10F-886A6ED6D2DA}"
EndProject
Project("{FAE04EC0-301F-11D3-BF4B-00C04F79EFBC}") = "Entities", "..\Entities\Entities.csproj", "{38209B98-2FC9-4C2C-93BC-2A1F5DCB0259}"
EndProject
Project("{FAE04EC0-301F-11D3-BF4B-00C04F79EFBC}") = "Core", "..\Core\Core.csproj", "{A969D5C1-B58D-4AAB-AEF2-EF66F67EF63B}"
EndProject
Global
	GlobalSection(SolutionConfigurationPlatforms) = preSolution
		Debug|Any CPU = Debug|Any CPU
		Release|Any CPU = Release|Any CPU
	EndGlobalSection
	GlobalSection(ProjectConfigurationPlatforms) = postSolution
		{94786864-3CA4-4815-A2A5-826BA2BB3E11}.Debug|Any CPU.ActiveCfg = Debug|Any CPU
		{94786864-3CA4-4815-A2A5-826BA2BB3E11}.Debug|Any CPU.Build.0 = Debug|Any CPU
		{94786864-3CA4-4815-A2A5-826BA2BB3E11}.Release|Any CPU.ActiveCfg = Release|Any CPU
		{94786864-3CA4-4815-A2A5-826BA2BB3E11}.Release|Any CPU.Build.0 = Release|Any CPU
		{5B2929CD-3C84-47DF-B940-4CC1E847ABD5}.Debug|Any CPU.ActiveCfg = Debug|Any CPU
		{5B2929CD-3C84-47DF-B940-4CC1E847ABD5}.Debug|Any CPU.Build.0 = Debug|Any CPU
		{5B2929CD-3C84-47DF-B940-4CC1E847ABD5}.Release|Any CPU.ActiveCfg = Release|Any CPU
		{5B2929CD-3C84-47DF-B940-4CC1E847ABD5}.Release|Any CPU.Build.0 = Release|Any CPU
		{5216F22D-AE93-4B1B-A10F-886A6ED6D2DA}.Debug|Any CPU.ActiveCfg = Debug|Any CPU
		{5216F22D-AE93-4B1B-A10F-886A6ED6D2DA}.Debug|Any CPU.Build.0 = Debug|Any CPU
		{5216F22D-AE93-4B1B-A10F-886A6ED6D2DA}.Release|Any CPU.ActiveCfg = Release|Any CPU
		{5216F22D-AE93-4B1B-A10F-886A6ED6D2DA}.Release|Any CPU.Build.0 = Release|Any CPU
		{38209B98-2FC9-4C2C-93BC-2A1F5DCB0259}.Debug|Any CPU.ActiveCfg = Debug|Any CPU
		{38209B98-2FC9-4C2C-93BC-2A1F5DCB0259}.Debug|Any CPU.Build.0 = Debug|Any CPU
		{38209B98-2FC9-4C2C-93BC-2A1F5DCB0259}.Release|Any CPU.ActiveCfg = Release|Any CPU
		{38209B98-2FC9-4C2C-93BC-2A1F5DCB0259}.Release|Any CPU.Build.0 = Release|Any CPU
		{A969D5C1-B58D-4AAB-AEF2-EF66F67EF63B}.Debug|Any CPU.ActiveCfg = Debug|Any CPU
		{A969D5C1-B58D-4AAB-AEF2-EF66F67EF63B}.Debug|Any CPU.Build.0 = Debug|Any CPU
		{A969D5C1-B58D-4AAB-AEF2-EF66F67EF63B}.Release|Any CPU.ActiveCfg = Release|Any CPU
		{A969D5C1-B58D-4AAB-AEF2-EF66F67EF63B}.Release|Any CPU.Build.0 = Release|Any CPU
	EndGlobalSection
	GlobalSection(SolutionProperties) = preSolution
		HideSolutionNode = FALSE
	EndGlobalSection
	GlobalSection(ExtensibilityGlobals) = postSolution
		SolutionGuid = {D4A669D4-F28C-4C65-B128-DABFBD720182}
	EndGlobalSection
EndGlobal
